{
  "name": "redux-util",
  "version": "0.0.10",
  "lockfileVersion": 1,
  "requires": true,
  "dependencies": {
    "immer": {
      "version": "4.0.2",
      "resolved": "https://registry.npmjs.org/immer/-/immer-4.0.2.tgz",
      "integrity": "sha512-Q/tm+yKqnKy4RIBmmtISBlhXuSDrB69e9EKTYiIenIKQkXBQir43w+kN/eGiax3wt1J0O1b2fYcNqLSbEcXA7w=="
    },
    "memoize-decorator": {
      "version": "1.0.2",
      "resolved": "https://registry.npmjs.org/memoize-decorator/-/memoize-decorator-1.0.2.tgz",
      "integrity": "sha1-YFpBcVxBcdsZKpAJiwCrjW4RAvU=",
      "dev": true
    },
    "tslib": {
      "version": "1.9.3",
      "resolved": "https://registry.npmjs.org/tslib/-/tslib-1.9.3.tgz",
      "integrity": "sha512-4krF8scpejhaOgqzBEcGM7yDIEfi0/8+8zDRZhNZZ2kjmHJ4hv3zCbQWxoJGz1iw5U0Jl0nma13xzHXcncMavQ==",
      "dev": true
    },
    "tslint-clean-code": {
      "version": "0.2.9",
      "resolved": "https://registry.npmjs.org/tslint-clean-code/-/tslint-clean-code-0.2.9.tgz",
      "integrity": "sha512-h9BqZIUsvqtns46IIto5fbouaERFd9Iu0NupTZ9s80frdm5eGhOWDp2VjfOx4LqgnvchMFX1xrj+dfWs4bVYog==",
      "dev": true,
      "requires": {
        "memoize-decorator": "1.0.2",
        "tsutils": "2.7.1"
      }
    },
    "tsutils": {
      "version": "2.7.1",
      "resolved": "https://registry.npmjs.org/tsutils/-/tsutils-2.7.1.tgz",
      "integrity": "sha1-QRoOlGZSWisoaSYKVWINcpIVXiQ=",
      "dev": true,
      "requires": {
        "tslib": "1.9.3"
      }
    }
  }
}
