{
  "name": "redux-util",
  "version": "0.0.6",
  "lockfileVersion": 1,
  "requires": true,
  "dependencies": {
    "@babel/runtime": {
      "version": "7.15.4",
      "resolved": "https://registry.npmjs.org/@babel/runtime/-/runtime-7.15.4.tgz",
      "integrity": "sha512-99catp6bHCaxr4sJ/DbTGgHS4+Rs2RVd2g7iOap6SLGPDknRK9ztKNsE/Fg6QhSeh1FGE5f6gHGQmvvn3I3xhw==",
      "dev": true,
      "requires": {
        "regenerator-runtime": "^0.13.4"
      }
    },
    "@types/redux": {
      "version": "3.6.0",
      "resolved": "https://registry.npmjs.org/@types/redux/-/redux-3.6.0.tgz",
      "integrity": "sha1-8evh5UEVGAcuT9/KXHbhbnTBOZo=",
      "dev": true,
      "requires": {
        "redux": "*"
      }
    },
    "immer": {
      "version": "9.0.6",
      "resolved": "https://registry.npmjs.org/immer/-/immer-9.0.6.tgz",
      "integrity": "sha512-G95ivKpy+EvVAnAab4fVa4YGYn24J1SpEktnJX7JJ45Bd7xqME/SCplFzYFmTbrkwZbQ4xJK1xMTUYBkN6pWsQ=="
    },
    "memoize-decorator": {
      "version": "1.0.2",
      "resolved": "https://registry.npmjs.org/memoize-decorator/-/memoize-decorator-1.0.2.tgz",
      "integrity": "sha1-YFpBcVxBcdsZKpAJiwCrjW4RAvU=",
      "dev": true
    },
    "redux": {
      "version": "4.1.1",
      "resolved": "https://registry.npmjs.org/redux/-/redux-4.1.1.tgz",
      "integrity": "sha512-hZQZdDEM25UY2P493kPYuKqviVwZ58lEmGQNeQ+gXa+U0gYPUBf7NKYazbe3m+bs/DzM/ahN12DbF+NG8i0CWw==",
      "dev": true,
      "requires": {
        "@babel/runtime": "^7.9.2"
      }
    },
    "regenerator-runtime": {
      "version": "0.13.9",
      "resolved": "https://registry.npmjs.org/regenerator-runtime/-/regenerator-runtime-0.13.9.tgz",
      "integrity": "sha512-p3VT+cOEgxFsRRA9X4lkI1E+k2/CtnKtU4gcxyaCUreilL/vqI6CdZ3wxVUx3UOUg+gnUOQQcRI7BmSI656MYA==",
      "dev": true
    },
    "reselect": {
      "version": "4.0.0",
      "resolved": "https://registry.npmjs.org/reselect/-/reselect-4.0.0.tgz",
      "integrity": "sha512-qUgANli03jjAyGlnbYVAV5vvnOmJnODyABz51RdBN7M4WaVu8mecZWgyQNkG8Yqe3KRGRt0l4K4B3XVEULC4CA=="
    },
    "tslib": {
      "version": "1.9.3",
      "resolved": "https://registry.npmjs.org/tslib/-/tslib-1.9.3.tgz",
      "integrity": "sha512-4krF8scpejhaOgqzBEcGM7yDIEfi0/8+8zDRZhNZZ2kjmHJ4hv3zCbQWxoJGz1iw5U0Jl0nma13xzHXcncMavQ==",
      "dev": true
    },
    "tslint-clean-code": {
      "version": "0.2.9",
      "resolved": "https://registry.npmjs.org/tslint-clean-code/-/tslint-clean-code-0.2.9.tgz",
      "integrity": "sha512-h9BqZIUsvqtns46IIto5fbouaERFd9Iu0NupTZ9s80frdm5eGhOWDp2VjfOx4LqgnvchMFX1xrj+dfWs4bVYog==",
      "dev": true,
      "requires": {
        "memoize-decorator": "1.0.2",
        "tsutils": "2.7.1"
      }
    },
    "tsutils": {
      "version": "2.7.1",
      "resolved": "https://registry.npmjs.org/tsutils/-/tsutils-2.7.1.tgz",
      "integrity": "sha1-QRoOlGZSWisoaSYKVWINcpIVXiQ=",
      "dev": true,
      "requires": {
        "tslib": "1.9.3"
      }
    },
    "typescript": {
      "version": "3.9.10",
      "resolved": "https://registry.npmjs.org/typescript/-/typescript-3.9.10.tgz",
      "integrity": "sha512-w6fIxVE/H1PkLKcCPsFqKE7Kv7QUwhU8qQY2MueZXWx5cPZdwFupLgKK3vntcK98BtNHZtAF4LA/yl2a7k8R6Q==",
      "dev": true
    }
  }
}
