{
  "name": "redux-util",
  "version": "0.0.6",
  "lockfileVersion": 1,
  "requires": true,
  "dependencies": {
    "@types/redux": {
      "version": "3.6.0",
      "resolved": "https://registry.npmjs.org/@types/redux/-/redux-3.6.0.tgz",
      "integrity": "sha1-8evh5UEVGAcuT9/KXHbhbnTBOZo=",
      "dev": true,
      "requires": {
        "redux": "*"
      }
    },
    "immer": {
      "version": "8.0.1",
      "resolved": "https://registry.npmjs.org/immer/-/immer-8.0.1.tgz",
      "integrity": "sha512-aqXhGP7//Gui2+UrEtvxZxSquQVXTpZ7KDxfCcKAF3Vysvw0CViVaW9RZ1j1xlIYqaaaipBoqdqeibkc18PNvA=="
    },
    "js-tokens": {
      "version": "4.0.0",
      "resolved": "https://registry.npmjs.org/js-tokens/-/js-tokens-4.0.0.tgz",
      "integrity": "sha512-RdJUflcE3cUzKiMqQgsCu06FPu9UdIJO0beYbPhHN4k6apgJtifcoCtT9bcxOpYBtpD2kCM6Sbzg4CausW/PKQ==",
      "dev": true
    },
    "loose-envify": {
      "version": "1.4.0",
      "resolved": "https://registry.npmjs.org/loose-envify/-/loose-envify-1.4.0.tgz",
      "integrity": "sha512-lyuxPGr/Wfhrlem2CL/UcnUc1zcqKAImBDzukY7Y5F/yQiNdko6+fRLevlw1HgMySw7f611UIY408EtxRSoK3Q==",
      "dev": true,
      "requires": {
        "js-tokens": "^3.0.0 || ^4.0.0"
      }
    },
    "memoize-decorator": {
      "version": "1.0.2",
      "resolved": "https://registry.npmjs.org/memoize-decorator/-/memoize-decorator-1.0.2.tgz",
      "integrity": "sha1-YFpBcVxBcdsZKpAJiwCrjW4RAvU=",
      "dev": true
    },
    "redux": {
      "version": "4.0.5",
      "resolved": "https://registry.npmjs.org/redux/-/redux-4.0.5.tgz",
      "integrity": "sha512-VSz1uMAH24DM6MF72vcojpYPtrTUu3ByVWfPL1nPfVRb5mZVTve5GnNCUV53QM/BZ66xfWrm0CTWoM+Xlz8V1w==",
      "dev": true,
      "requires": {
        "loose-envify": "^1.4.0",
        "symbol-observable": "^1.2.0"
      }
    },
    "reselect": {
      "version": "4.0.0",
      "resolved": "https://registry.npmjs.org/reselect/-/reselect-4.0.0.tgz",
      "integrity": "sha512-qUgANli03jjAyGlnbYVAV5vvnOmJnODyABz51RdBN7M4WaVu8mecZWgyQNkG8Yqe3KRGRt0l4K4B3XVEULC4CA=="
    },
    "symbol-observable": {
      "version": "1.2.0",
      "resolved": "https://registry.npmjs.org/symbol-observable/-/symbol-observable-1.2.0.tgz",
      "integrity": "sha512-e900nM8RRtGhlV36KGEU9k65K3mPb1WV70OdjfxlG2EAuM1noi/E/BaW/uMhL7bPEssK8QV57vN3esixjUvcXQ==",
      "dev": true
    },
    "tslib": {
      "version": "1.9.3",
      "resolved": "https://registry.npmjs.org/tslib/-/tslib-1.9.3.tgz",
      "integrity": "sha512-4krF8scpejhaOgqzBEcGM7yDIEfi0/8+8zDRZhNZZ2kjmHJ4hv3zCbQWxoJGz1iw5U0Jl0nma13xzHXcncMavQ==",
      "dev": true
    },
    "tslint-clean-code": {
      "version": "0.2.9",
      "resolved": "https://registry.npmjs.org/tslint-clean-code/-/tslint-clean-code-0.2.9.tgz",
      "integrity": "sha512-h9BqZIUsvqtns46IIto5fbouaERFd9Iu0NupTZ9s80frdm5eGhOWDp2VjfOx4LqgnvchMFX1xrj+dfWs4bVYog==",
      "dev": true,
      "requires": {
        "memoize-decorator": "1.0.2",
        "tsutils": "2.7.1"
      }
    },
    "tsutils": {
      "version": "2.7.1",
      "resolved": "https://registry.npmjs.org/tsutils/-/tsutils-2.7.1.tgz",
      "integrity": "sha1-QRoOlGZSWisoaSYKVWINcpIVXiQ=",
      "dev": true,
      "requires": {
        "tslib": "1.9.3"
      }
    },
    "typescript": {
      "version": "3.9.7",
      "resolved": "https://registry.npmjs.org/typescript/-/typescript-3.9.7.tgz",
      "integrity": "sha512-BLbiRkiBzAwsjut4x/dsibSTB6yWpwT5qWmC2OfuCg3GgVQCSgMs4vEctYPhsaGtd0AeuuHMkjZ2h2WG8MSzRw==",
      "dev": true
    }
  }
}
